{
  "nodes": {
    "emacs-overlay": {
      "locked": {
        "lastModified": 1608150076,
        "narHash": "sha256-bpi42XmoMAEa8RuHBqf8K3bWn1VndFhxswuhhAr+d6M=",
        "owner": "nix-community",
        "repo": "emacs-overlay",
        "rev": "85847361b3a67fc7b408d896240a1da1f2246097",
        "type": "github"
      },
      "original": {
        "owner": "nix-community",
        "repo": "emacs-overlay",
        "type": "github"
      }
    },
    "flake-utils": {
      "locked": {
        "lastModified": 1601282935,
        "narHash": "sha256-WQAFV6sGGQxrRs3a+/Yj9xUYvhTpukQJIcMbIi7LCJ4=",
        "owner": "numtide",
        "repo": "flake-utils",
        "rev": "588973065fce51f4763287f0fda87a174d78bf48",
        "type": "github"
      },
      "original": {
        "owner": "numtide",
        "repo": "flake-utils",
        "type": "github"
      }
    },
    "flake-utils_2": {
      "locked": {
        "lastModified": 1601282935,
        "narHash": "sha256-WQAFV6sGGQxrRs3a+/Yj9xUYvhTpukQJIcMbIi7LCJ4=",
        "owner": "numtide",
        "repo": "flake-utils",
        "rev": "588973065fce51f4763287f0fda87a174d78bf48",
        "type": "github"
      },
      "original": {
        "owner": "numtide",
        "repo": "flake-utils",
        "type": "github"
      }
    },
    "master": {
      "locked": {
        "lastModified": 1601419125,
        "narHash": "sha256-nWl+LD6H5IcEQ8SFuE7U8RAyYyOOlSJ/Cojs9kGckHU=",
        "owner": "NixOS",
        "repo": "nixpkgs",
        "rev": "703f052de185c3dd1218165e62b105a68e05e15f",
        "type": "github"
      },
      "original": {
        "id": "nixpkgs",
        "rev": "703f052de185c3dd1218165e62b105a68e05e15f",
        "type": "indirect"
      }
    },
    "nixpkgs": {
      "locked": {
        "lastModified": 1607560137,
        "narHash": "sha256-qI5U28r9Ie11OlkwzNFkhW0Z4jLanntJdb3JeFq/85A=",
        "owner": "NixOS",
        "repo": "nixpkgs",
        "rev": "7ff5e241a2b96fff7912b7d793a06b4374bd846c",
        "type": "github"
      },
      "original": {
        "id": "nixpkgs",
        "rev": "7ff5e241a2b96fff7912b7d793a06b4374bd846c",
        "type": "indirect"
      }
    },
    "nixpkgs-hardenedlinux": {
      "inputs": {
        "flake-utils": "flake-utils_2",
        "nixpkgs": "nixpkgs_2",
        "zeek-nix": "zeek-nix"
      },
      "locked": {
        "lastModified": 1602450700,
        "narHash": "sha256-RVNKSi4dnu79KTxKG4ZCWNiAo2z3/QU+X2DEXZsrmUo=",
        "owner": "hardenedlinux",
        "repo": "nixpkgs-hardenedlinux",
        "rev": "d1abf07869e1bfe8dcc8599f3a53bbf64b3e25aa",
        "type": "github"
      },
      "original": {
        "owner": "hardenedlinux",
        "ref": "master",
        "repo": "nixpkgs-hardenedlinux",
        "type": "github"
      }
    },
    "nixpkgs_2": {
      "locked": {
        "lastModified": 1601539597,
        "narHash": "sha256-gOuB2wl8C0Nxi68VsFL+FP30yj62Yt4izr8WtSldQgI=",
        "owner": "NixOS",
        "repo": "nixpkgs",
        "rev": "302ef60620d277fc87a8aa58c5c561b62c925651",
        "type": "github"
      },
      "original": {
        "id": "nixpkgs",
        "rev": "302ef60620d277fc87a8aa58c5c561b62c925651",
        "type": "indirect"
      }
    },
    "root": {
      "inputs": {
        "emacs-overlay": "emacs-overlay",
        "flake-utils": "flake-utils",
        "master": "master",
        "nixpkgs": "nixpkgs",
        "nixpkgs-hardenedlinux": "nixpkgs-hardenedlinux"
      }
    },
    "zeek-nix": {
      "flake": false,
      "locked": {
        "lastModified": 1602297382,
        "narHash": "sha256-o+OhyMhE8D21CJ7D+jA4XefQGIFJ8JSZeQHaMYK7FeA=",
        "owner": "hardenedlinux",
        "repo": "zeek-nix",
        "rev": "37d4bd43d79ff11814819146ecb9d3a2dd1ae52d",
        "type": "github"
      },
      "original": {
        "owner": "hardenedlinux",
        "repo": "zeek-nix",
        "type": "github"
      }
    }
  },
  "root": "root",
  "version": 7
}
