{
  "nodes": {
    "emacs-overlay": {
      "locked": {
        "lastModified": 1611274420,
        "narHash": "sha256-35GXjW84EBH3XnzKynWe5Rcdcfult/qGSD0tNcPe8aA=",
        "owner": "nix-community",
        "repo": "emacs-overlay",
        "rev": "29267ea1a9fd54f01e80f64a10de9242677718cf",
        "type": "github"
      },
      "original": {
        "owner": "nix-community",
        "repo": "emacs-overlay",
        "type": "github"
      }
    },
    "flake-utils": {
      "locked": {
        "lastModified": 1610051610,
        "narHash": "sha256-U9rPz/usA1/Aohhk7Cmc2gBrEEKRzcW4nwPWMPwja4Y=",
        "owner": "numtide",
        "repo": "flake-utils",
        "rev": "3982c9903e93927c2164caa727cd3f6a0e6d14cc",
        "type": "github"
      },
      "original": {
        "owner": "numtide",
        "repo": "flake-utils",
        "type": "github"
      }
    },
    "flake-utils_2": {
      "locked": {
        "lastModified": 1601282935,
        "narHash": "sha256-WQAFV6sGGQxrRs3a+/Yj9xUYvhTpukQJIcMbIi7LCJ4=",
        "owner": "numtide",
        "repo": "flake-utils",
        "rev": "588973065fce51f4763287f0fda87a174d78bf48",
        "type": "github"
      },
      "original": {
        "owner": "numtide",
        "repo": "flake-utils",
        "type": "github"
      }
    },
    "home": {
      "inputs": {
        "nixpkgs": "nixpkgs"
      },
      "locked": {
        "lastModified": 1611270612,
        "narHash": "sha256-tLQWDaKnrRTbkqm1am5fJM/eYNJUt/Mpr+6F7h28wNw=",
        "owner": "nix-community",
        "repo": "home-manager",
        "rev": "2c0e3f61da903613cc316cb992c8c07d92e1d186",
        "type": "github"
      },
      "original": {
        "owner": "nix-community",
        "ref": "master",
        "repo": "home-manager",
        "type": "github"
      }
    },
    "master": {
      "locked": {
        "lastModified": 1611305326,
        "narHash": "sha256-pGFFD1zF9dn1z+h5iRKZaZDDiDFDYaqwmchE9BaEAkM=",
        "owner": "NixOS",
        "repo": "nixpkgs",
        "rev": "07dd1e81bb0c5367e263e726f2ef507c422ea258",
        "type": "github"
      },
      "original": {
        "id": "nixpkgs",
        "ref": "master",
        "type": "indirect"
      }
    },
    "nixpkgs": {
      "locked": {
        "lastModified": 1610942247,
        "narHash": "sha256-PKo1ATAlC6BmfYSRmX0TVmNoFbrec+A5OKcabGEu2yU=",
        "path": "/nix/store/sdjxjsd5phr225rs2qzklj2xci0c9gr0-source",
        "rev": "7d71001b796340b219d1bfa8552c81995017544a",
        "type": "path"
      },
      "original": {
        "id": "nixpkgs",
        "type": "indirect"
      }
    },
    "nixpkgs-hardenedlinux": {
      "inputs": {
        "flake-utils": "flake-utils_2",
        "nixpkgs": [
          "nixpkgs"
        ],
        "vast": "vast",
        "zeek-nix": "zeek-nix"
      },
      "locked": {
        "lastModified": 1608242550,
        "narHash": "sha256-TVvS8+J8S7QmOcWLuKPKIlB0rEuVMLfDFOUE32lxvHM=",
        "owner": "hardenedlinux",
        "repo": "nixpkgs-hardenedlinux",
        "rev": "072119e8b349cc1f29b822d468f3d2b9362ddb9d",
        "type": "github"
      },
      "original": {
        "owner": "hardenedlinux",
        "ref": "master",
        "repo": "nixpkgs-hardenedlinux",
        "type": "github"
      }
    },
    "nixpkgs_2": {
      "locked": {
        "lastModified": 1610942247,
        "narHash": "sha256-PKo1ATAlC6BmfYSRmX0TVmNoFbrec+A5OKcabGEu2yU=",
        "owner": "NixOS",
        "repo": "nixpkgs",
        "rev": "7d71001b796340b219d1bfa8552c81995017544a",
        "type": "github"
      },
      "original": {
        "id": "nixpkgs",
        "rev": "7d71001b796340b219d1bfa8552c81995017544a",
        "type": "indirect"
      }
    },
    "root": {
      "inputs": {
        "emacs-overlay": "emacs-overlay",
        "flake-utils": "flake-utils",
        "home": "home",
        "master": "master",
        "nixpkgs": "nixpkgs_2",
        "nixpkgs-hardenedlinux": "nixpkgs-hardenedlinux"
      }
    },
    "vast": {
      "flake": false,
      "locked": {
        "lastModified": 1607952675,
        "narHash": "sha256-HbaWail8v7zMiZISvGRP6s3AWhGsdK1SLMUEiob8Tq4=",
        "owner": "tenzir",
        "repo": "vast",
        "rev": "eac68316f0d4e28b97d9f0722b64b8ea2157e7c9",
        "type": "github"
      },
      "original": {
        "owner": "tenzir",
        "repo": "vast",
        "type": "github"
      }
    },
    "zeek-nix": {
      "flake": false,
      "locked": {
        "lastModified": 1602297382,
        "narHash": "sha256-o+OhyMhE8D21CJ7D+jA4XefQGIFJ8JSZeQHaMYK7FeA=",
        "owner": "hardenedlinux",
        "repo": "zeek-nix",
        "rev": "37d4bd43d79ff11814819146ecb9d3a2dd1ae52d",
        "type": "github"
      },
      "original": {
        "owner": "hardenedlinux",
        "repo": "zeek-nix",
        "type": "github"
      }
    }
  },
  "root": "root",
  "version": 7
}
